
Microsoft Visual Studio Solution File, Format Version 12.00
# Visual Studio Version 16
VisualStudioVersion = 16.0.29613.14
MinimumVisualStudioVersion = 10.0.40219.1
Project("{8BC9CEB8-8B4A-11D0-8D11-00A0C91BC942}") = "EntityComponentSystem", "EntityComponentSystem\EntityComponentSystem.vcxproj", "{70E14DE8-7FF0-4249-9B02-ED33116C837D}"
EndProject
Project("{8BC9CEB8-8B4A-11D0-8D11-00A0C91BC942}") = "Tests", "Tests\Tests.vcxproj", "{5E66CA11-14B0-4802-88D1-4284E0C43F3A}"
EndProject
Project("{8BC9CEB8-8B4A-11D0-8D11-00A0C91BC942}") = "OBJParser", "OBJParser\OBJParser.vcxproj", "{64A37052-155C-41C3-8967-CAADB39D3E23}"
EndProject
Project("{8BC9CEB8-8B4A-11D0-8D11-00A0C91BC942}") = "ResourceHandler", "..\..\Resource-Handler\ResourceHandler\ResourceHandler\ResourceHandler.vcxproj", "{BED7B51D-7499-4F9E-A74F-3D66D316DBAB}"
EndProject
Project("{8BC9CEB8-8B4A-11D0-8D11-00A0C91BC942}") = "Profiler", "..\..\Utilities\Utilities\Profiler\Profiler.vcxproj", "{BAE4CF46-4926-4052-A0B5-290947489C07}"
EndProject
Project("{2150E333-8FDC-42A3-9474-1A3956D46DE8}") = "External", "External", "{1FEEB018-AFBD-483F-94EA-4D4FCC1EA87A}"
EndProject
Project("{8BC9CEB8-8B4A-11D0-8D11-00A0C91BC942}") = "ResourceArchive", "..\..\Resource-Handler\ResourceHandler\ResourceArchive\ResourceArchive.vcxproj", "{EB665CD1-EFA4-419B-B6AF-882E5BCDB66E}"
EndProject
Project("{2150E333-8FDC-42A3-9474-1A3956D46DE8}") = "Resources", "Resources", "{8AB5E8D5-4469-480A-86AF-C1486B0733DC}"
EndProject
Project("{2150E333-8FDC-42A3-9474-1A3956D46DE8}") = "ZipLibs", "ZipLibs", "{78D98568-C7C8-47CC-B712-0EAD9D9431DF}"
EndProject
Project("{8BC9CEB8-8B4A-11D0-8D11-00A0C91BC942}") = "bit7z", "..\..\Resource-Handler\bit7z\bit7z.vcxproj", "{0ECEDD47-4EC9-3232-B099-20D54C597639}"
EndProject
Global
	GlobalSection(SolutionConfigurationPlatforms) = preSolution
		Debug|x64 = Debug|x64
		Debug|x86 = Debug|x86
		Release|x64 = Release|x64
		Release|x86 = Release|x86
	EndGlobalSection
	GlobalSection(ProjectConfigurationPlatforms) = postSolution
		{70E14DE8-7FF0-4249-9B02-ED33116C837D}.Debug|x64.ActiveCfg = Debug|x64
		{70E14DE8-7FF0-4249-9B02-ED33116C837D}.Debug|x64.Build.0 = Debug|x64
		{70E14DE8-7FF0-4249-9B02-ED33116C837D}.Debug|x86.ActiveCfg = Debug|Win32
		{70E14DE8-7FF0-4249-9B02-ED33116C837D}.Debug|x86.Build.0 = Debug|Win32
		{70E14DE8-7FF0-4249-9B02-ED33116C837D}.Release|x64.ActiveCfg = Release|x64
		{70E14DE8-7FF0-4249-9B02-ED33116C837D}.Release|x64.Build.0 = Release|x64
		{70E14DE8-7FF0-4249-9B02-ED33116C837D}.Release|x86.ActiveCfg = Release|Win32
		{70E14DE8-7FF0-4249-9B02-ED33116C837D}.Release|x86.Build.0 = Release|Win32
		{5E66CA11-14B0-4802-88D1-4284E0C43F3A}.Debug|x64.ActiveCfg = Debug|x64
		{5E66CA11-14B0-4802-88D1-4284E0C43F3A}.Debug|x64.Build.0 = Debug|x64
		{5E66CA11-14B0-4802-88D1-4284E0C43F3A}.Debug|x86.ActiveCfg = Debug|Win32
		{5E66CA11-14B0-4802-88D1-4284E0C43F3A}.Debug|x86.Build.0 = Debug|Win32
		{5E66CA11-14B0-4802-88D1-4284E0C43F3A}.Release|x64.ActiveCfg = Release|x64
		{5E66CA11-14B0-4802-88D1-4284E0C43F3A}.Release|x64.Build.0 = Release|x64
		{5E66CA11-14B0-4802-88D1-4284E0C43F3A}.Release|x86.ActiveCfg = Release|Win32
		{5E66CA11-14B0-4802-88D1-4284E0C43F3A}.Release|x86.Build.0 = Release|Win32
		{64A37052-155C-41C3-8967-CAADB39D3E23}.Debug|x64.ActiveCfg = Debug|x64
		{64A37052-155C-41C3-8967-CAADB39D3E23}.Debug|x64.Build.0 = Debug|x64
		{64A37052-155C-41C3-8967-CAADB39D3E23}.Debug|x86.ActiveCfg = Debug|Win32
		{64A37052-155C-41C3-8967-CAADB39D3E23}.Debug|x86.Build.0 = Debug|Win32
		{64A37052-155C-41C3-8967-CAADB39D3E23}.Release|x64.ActiveCfg = Release|x64
		{64A37052-155C-41C3-8967-CAADB39D3E23}.Release|x64.Build.0 = Release|x64
		{64A37052-155C-41C3-8967-CAADB39D3E23}.Release|x86.ActiveCfg = Release|Win32
		{64A37052-155C-41C3-8967-CAADB39D3E23}.Release|x86.Build.0 = Release|Win32
		{BED7B51D-7499-4F9E-A74F-3D66D316DBAB}.Debug|x64.ActiveCfg = Debug|x64
		{BED7B51D-7499-4F9E-A74F-3D66D316DBAB}.Debug|x64.Build.0 = Debug|x64
		{BED7B51D-7499-4F9E-A74F-3D66D316DBAB}.Debug|x86.ActiveCfg = Debug|Win32
		{BED7B51D-7499-4F9E-A74F-3D66D316DBAB}.Debug|x86.Build.0 = Debug|Win32
		{BED7B51D-7499-4F9E-A74F-3D66D316DBAB}.Release|x64.ActiveCfg = Release|x64
		{BED7B51D-7499-4F9E-A74F-3D66D316DBAB}.Release|x64.Build.0 = Release|x64
		{BED7B51D-7499-4F9E-A74F-3D66D316DBAB}.Release|x86.ActiveCfg = Release|Win32
		{BED7B51D-7499-4F9E-A74F-3D66D316DBAB}.Release|x86.Build.0 = Release|Win32
		{BAE4CF46-4926-4052-A0B5-290947489C07}.Debug|x64.ActiveCfg = Debug|x64
		{BAE4CF46-4926-4052-A0B5-290947489C07}.Debug|x64.Build.0 = Debug|x64
		{BAE4CF46-4926-4052-A0B5-290947489C07}.Debug|x86.ActiveCfg = Debug|Win32
		{BAE4CF46-4926-4052-A0B5-290947489C07}.Debug|x86.Build.0 = Debug|Win32
		{BAE4CF46-4926-4052-A0B5-290947489C07}.Release|x64.ActiveCfg = Release|x64
		{BAE4CF46-4926-4052-A0B5-290947489C07}.Release|x64.Build.0 = Release|x64
		{BAE4CF46-4926-4052-A0B5-290947489C07}.Release|x86.ActiveCfg = Release|Win32
		{BAE4CF46-4926-4052-A0B5-290947489C07}.Release|x86.Build.0 = Release|Win32
		{EB665CD1-EFA4-419B-B6AF-882E5BCDB66E}.Debug|x64.ActiveCfg = Debug|x64
		{EB665CD1-EFA4-419B-B6AF-882E5BCDB66E}.Debug|x64.Build.0 = Debug|x64
		{EB665CD1-EFA4-419B-B6AF-882E5BCDB66E}.Debug|x86.ActiveCfg = Debug|Win32
		{EB665CD1-EFA4-419B-B6AF-882E5BCDB66E}.Debug|x86.Build.0 = Debug|Win32
		{EB665CD1-EFA4-419B-B6AF-882E5BCDB66E}.Release|x64.ActiveCfg = Release|x64
		{EB665CD1-EFA4-419B-B6AF-882E5BCDB66E}.Release|x64.Build.0 = Release|x64
		{EB665CD1-EFA4-419B-B6AF-882E5BCDB66E}.Release|x86.ActiveCfg = Release|Win32
		{EB665CD1-EFA4-419B-B6AF-882E5BCDB66E}.Release|x86.Build.0 = Release|Win32
		{0ECEDD47-4EC9-3232-B099-20D54C597639}.Debug|x64.ActiveCfg = Debug|x64
		{0ECEDD47-4EC9-3232-B099-20D54C597639}.Debug|x64.Build.0 = Debug|x64
		{0ECEDD47-4EC9-3232-B099-20D54C597639}.Debug|x86.ActiveCfg = Debug|Win32
		{0ECEDD47-4EC9-3232-B099-20D54C597639}.Debug|x86.Build.0 = Debug|Win32
		{0ECEDD47-4EC9-3232-B099-20D54C597639}.Release|x64.ActiveCfg = Release|x64
		{0ECEDD47-4EC9-3232-B099-20D54C597639}.Release|x64.Build.0 = Release|x64
		{0ECEDD47-4EC9-3232-B099-20D54C597639}.Release|x86.ActiveCfg = Release|Win32
		{0ECEDD47-4EC9-3232-B099-20D54C597639}.Release|x86.Build.0 = Release|Win32
	EndGlobalSection
	GlobalSection(SolutionProperties) = preSolution
		HideSolutionNode = FALSE
	EndGlobalSection
	GlobalSection(NestedProjects) = preSolution
		{BED7B51D-7499-4F9E-A74F-3D66D316DBAB} = {8AB5E8D5-4469-480A-86AF-C1486B0733DC}
		{BAE4CF46-4926-4052-A0B5-290947489C07} = {1FEEB018-AFBD-483F-94EA-4D4FCC1EA87A}
		{EB665CD1-EFA4-419B-B6AF-882E5BCDB66E} = {8AB5E8D5-4469-480A-86AF-C1486B0733DC}
		{8AB5E8D5-4469-480A-86AF-C1486B0733DC} = {1FEEB018-AFBD-483F-94EA-4D4FCC1EA87A}
		{78D98568-C7C8-47CC-B712-0EAD9D9431DF} = {8AB5E8D5-4469-480A-86AF-C1486B0733DC}
		{0ECEDD47-4EC9-3232-B099-20D54C597639} = {78D98568-C7C8-47CC-B712-0EAD9D9431DF}
	EndGlobalSection
	GlobalSection(ExtensibilityGlobals) = postSolution
		SolutionGuid = {B09339D2-630A-443F-920B-A37F8496486F}
	EndGlobalSection
EndGlobal
