
Microsoft Visual Studio Solution File, Format Version 12.00
# Visual Studio 15
VisualStudioVersion = 15.0.27130.2010
MinimumVisualStudioVersion = 10.0.40219.1
Project("{8BC9CEB8-8B4A-11D0-8D11-00A0C91BC942}") = "EntityComponentSystem", "EntityComponentSystem\EntityComponentSystem.vcxproj", "{70E14DE8-7FF0-4249-9B02-ED33116C837D}"
EndProject
Project("{8BC9CEB8-8B4A-11D0-8D11-00A0C91BC942}") = "Tests", "Tests\Tests.vcxproj", "{5E66CA11-14B0-4802-88D1-4284E0C43F3A}"
EndProject
Project("{8BC9CEB8-8B4A-11D0-8D11-00A0C91BC942}") = "ResourceHandler", "..\..\ResourceHandler\ResourceHandler\ResourceHandler\ResourceHandler.vcxproj", "{D4CCCF45-CBB6-406F-8B19-53666AE769B2}"
EndProject
Project("{8BC9CEB8-8B4A-11D0-8D11-00A0C91BC942}") = "Renderer", "..\..\Renderer\Renderer\Renderer\Renderer.vcxproj", "{FF7B443E-8CE6-45F7-892C-B4F2A67FEF18}"
EndProject
Project("{8BC9CEB8-8B4A-11D0-8D11-00A0C91BC942}") = "OBJParser", "OBJParser\OBJParser.vcxproj", "{64A37052-155C-41C3-8967-CAADB39D3E23}"
EndProject
Global
	GlobalSection(SolutionConfigurationPlatforms) = preSolution
		Debug|x64 = Debug|x64
		Debug|x86 = Debug|x86
		Release|x64 = Release|x64
		Release|x86 = Release|x86
	EndGlobalSection
	GlobalSection(ProjectConfigurationPlatforms) = postSolution
		{70E14DE8-7FF0-4249-9B02-ED33116C837D}.Debug|x64.ActiveCfg = Debug|x64
		{70E14DE8-7FF0-4249-9B02-ED33116C837D}.Debug|x64.Build.0 = Debug|x64
		{70E14DE8-7FF0-4249-9B02-ED33116C837D}.Debug|x86.ActiveCfg = Debug|Win32
		{70E14DE8-7FF0-4249-9B02-ED33116C837D}.Debug|x86.Build.0 = Debug|Win32
		{70E14DE8-7FF0-4249-9B02-ED33116C837D}.Release|x64.ActiveCfg = Release|x64
		{70E14DE8-7FF0-4249-9B02-ED33116C837D}.Release|x64.Build.0 = Release|x64
		{70E14DE8-7FF0-4249-9B02-ED33116C837D}.Release|x86.ActiveCfg = Release|Win32
		{70E14DE8-7FF0-4249-9B02-ED33116C837D}.Release|x86.Build.0 = Release|Win32
		{5E66CA11-14B0-4802-88D1-4284E0C43F3A}.Debug|x64.ActiveCfg = Debug|x64
		{5E66CA11-14B0-4802-88D1-4284E0C43F3A}.Debug|x64.Build.0 = Debug|x64
		{5E66CA11-14B0-4802-88D1-4284E0C43F3A}.Debug|x86.ActiveCfg = Debug|Win32
		{5E66CA11-14B0-4802-88D1-4284E0C43F3A}.Debug|x86.Build.0 = Debug|Win32
		{5E66CA11-14B0-4802-88D1-4284E0C43F3A}.Release|x64.ActiveCfg = Release|x64
		{5E66CA11-14B0-4802-88D1-4284E0C43F3A}.Release|x64.Build.0 = Release|x64
		{5E66CA11-14B0-4802-88D1-4284E0C43F3A}.Release|x86.ActiveCfg = Release|Win32
		{5E66CA11-14B0-4802-88D1-4284E0C43F3A}.Release|x86.Build.0 = Release|Win32
		{D4CCCF45-CBB6-406F-8B19-53666AE769B2}.Debug|x64.ActiveCfg = Debug|x64
		{D4CCCF45-CBB6-406F-8B19-53666AE769B2}.Debug|x64.Build.0 = Debug|x64
		{D4CCCF45-CBB6-406F-8B19-53666AE769B2}.Debug|x86.ActiveCfg = Debug|Win32
		{D4CCCF45-CBB6-406F-8B19-53666AE769B2}.Debug|x86.Build.0 = Debug|Win32
		{D4CCCF45-CBB6-406F-8B19-53666AE769B2}.Release|x64.ActiveCfg = Release|x64
		{D4CCCF45-CBB6-406F-8B19-53666AE769B2}.Release|x64.Build.0 = Release|x64
		{D4CCCF45-CBB6-406F-8B19-53666AE769B2}.Release|x86.ActiveCfg = Release|Win32
		{D4CCCF45-CBB6-406F-8B19-53666AE769B2}.Release|x86.Build.0 = Release|Win32
		{FF7B443E-8CE6-45F7-892C-B4F2A67FEF18}.Debug|x64.ActiveCfg = Debug|x64
		{FF7B443E-8CE6-45F7-892C-B4F2A67FEF18}.Debug|x64.Build.0 = Debug|x64
		{FF7B443E-8CE6-45F7-892C-B4F2A67FEF18}.Debug|x86.ActiveCfg = Debug|Win32
		{FF7B443E-8CE6-45F7-892C-B4F2A67FEF18}.Debug|x86.Build.0 = Debug|Win32
		{FF7B443E-8CE6-45F7-892C-B4F2A67FEF18}.Release|x64.ActiveCfg = Release|x64
		{FF7B443E-8CE6-45F7-892C-B4F2A67FEF18}.Release|x64.Build.0 = Release|x64
		{FF7B443E-8CE6-45F7-892C-B4F2A67FEF18}.Release|x86.ActiveCfg = Release|Win32
		{FF7B443E-8CE6-45F7-892C-B4F2A67FEF18}.Release|x86.Build.0 = Release|Win32
		{64A37052-155C-41C3-8967-CAADB39D3E23}.Debug|x64.ActiveCfg = Debug|x64
		{64A37052-155C-41C3-8967-CAADB39D3E23}.Debug|x64.Build.0 = Debug|x64
		{64A37052-155C-41C3-8967-CAADB39D3E23}.Debug|x86.ActiveCfg = Debug|Win32
		{64A37052-155C-41C3-8967-CAADB39D3E23}.Debug|x86.Build.0 = Debug|Win32
		{64A37052-155C-41C3-8967-CAADB39D3E23}.Release|x64.ActiveCfg = Release|x64
		{64A37052-155C-41C3-8967-CAADB39D3E23}.Release|x64.Build.0 = Release|x64
		{64A37052-155C-41C3-8967-CAADB39D3E23}.Release|x86.ActiveCfg = Release|Win32
		{64A37052-155C-41C3-8967-CAADB39D3E23}.Release|x86.Build.0 = Release|Win32
	EndGlobalSection
	GlobalSection(SolutionProperties) = preSolution
		HideSolutionNode = FALSE
	EndGlobalSection
	GlobalSection(ExtensibilityGlobals) = postSolution
		SolutionGuid = {B09339D2-630A-443F-920B-A37F8496486F}
	EndGlobalSection
EndGlobal
