<?xml version="1.0" encoding="utf-8"?>
<Project ToolsVersion="4.0" xmlns="http://schemas.microsoft.com/developer/msbuild/2003">
  <ItemGroup>
    <Filter Include="Resource Files">
      <UniqueIdentifier>{67DA6AB6-F800-4c08-8B7A-83BB121AAD01}</UniqueIdentifier>
      <Extensions>rc;ico;cur;bmp;dlg;rc2;rct;bin;rgs;gif;jpg;jpeg;jpe;resx;tiff;tif;png;wav;mfcribbon-ms</Extensions>
    </Filter>
    <Filter Include="Managers">
      <UniqueIdentifier>{bfcb47db-bc8f-4b31-b12e-5c801f036570}</UniqueIdentifier>
    </Filter>
    <Filter Include="Entity">
      <UniqueIdentifier>{d4c9fe39-d26d-4181-9ebb-7178e4c078e0}</UniqueIdentifier>
    </Filter>
    <Filter Include="Managers\TransformManager">
      <UniqueIdentifier>{5fab2126-365a-4d70-9785-98af2736d6e3}</UniqueIdentifier>
    </Filter>
    <Filter Include="Managers\SceneManager">
      <UniqueIdentifier>{2c4a9ac5-78c6-4711-8ec3-eb546208941e}</UniqueIdentifier>
    </Filter>
    <Filter Include="Managers\RenderableManager">
      <UniqueIdentifier>{330cdea4-bb2b-43f7-ba97-e7f2a3ecef1c}</UniqueIdentifier>
    </Filter>
  </ItemGroup>
  <ItemGroup>
    <ClInclude Include="..\Include\Entity.h">
      <Filter>Entity</Filter>
    </ClInclude>
    <ClInclude Include="EntityManager.h">
      <Filter>Entity</Filter>
    </ClInclude>
    <ClInclude Include="..\Include\EntityManager_Interface.h">
      <Filter>Entity</Filter>
    </ClInclude>
    <ClInclude Include="..\Include\DLLExport.h" />
    <ClInclude Include="..\Include\Memory_Base.h" />
    <ClInclude Include="..\Include\Managers\Manager_Base.h">
      <Filter>Managers</Filter>
    </ClInclude>
    <ClInclude Include="TransformManager.h">
      <Filter>Managers\TransformManager</Filter>
    </ClInclude>
    <ClInclude Include="..\Include\Managers\TransformManager_Interface.h">
      <Filter>Managers\TransformManager</Filter>
    </ClInclude>
    <ClInclude Include="..\Include\Managers\SceneManager_Interface.h">
      <Filter>Managers\SceneManager</Filter>
    </ClInclude>
    <ClInclude Include="SceneManager.h">
      <Filter>Managers\SceneManager</Filter>
    </ClInclude>
    <ClInclude Include="..\Include\Managers\RenderableManager_Interface.h">
      <Filter>Managers\RenderableManager</Filter>
    </ClInclude>
    <ClInclude Include="RenderableManager.h">
      <Filter>Managers\RenderableManager</Filter>
    </ClInclude>
    <ClInclude Include="..\Include\Managers\MeshLibrary.h">
      <Filter>Managers\RenderableManager</Filter>
    </ClInclude>
  </ItemGroup>
  <ItemGroup>
    <ClCompile Include="EntityManager.cpp">
      <Filter>Entity</Filter>
    </ClCompile>
    <ClCompile Include="EntityManager_Interface.cpp">
      <Filter>Entity</Filter>
    </ClCompile>
    <ClCompile Include="TransformManager_Interface.cpp">
      <Filter>Managers\TransformManager</Filter>
    </ClCompile>
    <ClCompile Include="TransformManager.cpp">
      <Filter>Managers\TransformManager</Filter>
    </ClCompile>
    <ClCompile Include="SceneManager_Interface.cpp">
      <Filter>Managers\SceneManager</Filter>
    </ClCompile>
    <ClCompile Include="SceneManager.cpp">
      <Filter>Managers\SceneManager</Filter>
    </ClCompile>
    <ClCompile Include="RenderableManager_Interface.cpp">
      <Filter>Managers\RenderableManager</Filter>
    </ClCompile>
    <ClCompile Include="RenderableManager.cpp">
      <Filter>Managers\RenderableManager</Filter>
    </ClCompile>
    <ClCompile Include="MeshLibrary.cpp">
      <Filter>Managers\RenderableManager</Filter>
    </ClCompile>
    <ClCompile Include="Manager_Base.cpp">
      <Filter>Managers</Filter>
    </ClCompile>
    <ClCompile Include="Memory_Base.cpp" />
  </ItemGroup>
</Project>